
Microsoft Visual Studio Solution File, Format Version 12.00
# Visual Studio Version 17
VisualStudioVersion = 17.7.34221.43
MinimumVisualStudioVersion = 10.0.40219.1
Project("{FAE04EC0-301F-11D3-BF4B-00C04F79EFBC}") = "HomeWork03.11.2", "HomeWork03.11.2\HomeWork03.11.2.csproj", "{AC2DE71B-045D-430A-BECF-FBD2DEFA7746}"
EndProject
Global
	GlobalSection(SolutionConfigurationPlatforms) = preSolution
		Debug|Any CPU = Debug|Any CPU
		Release|Any CPU = Release|Any CPU
	EndGlobalSection
	GlobalSection(ProjectConfigurationPlatforms) = postSolution
		{AC2DE71B-045D-430A-BECF-FBD2DEFA7746}.Debug|Any CPU.ActiveCfg = Debug|Any CPU
		{AC2DE71B-045D-430A-BECF-FBD2DEFA7746}.Debug|Any CPU.Build.0 = Debug|Any CPU
		{AC2DE71B-045D-430A-BECF-FBD2DEFA7746}.Release|Any CPU.ActiveCfg = Release|Any CPU
		{AC2DE71B-045D-430A-BECF-FBD2DEFA7746}.Release|Any CPU.Build.0 = Release|Any CPU
	EndGlobalSection
	GlobalSection(SolutionProperties) = preSolution
		HideSolutionNode = FALSE
	EndGlobalSection
	GlobalSection(ExtensibilityGlobals) = postSolution
		SolutionGuid = {8DC02E57-3D79-4EC3-94ED-D3E649188AE1}
	EndGlobalSection
EndGlobal
